
Microsoft Visual Studio Solution File, Format Version 12.00
# Visual Studio 15
VisualStudioVersion = 15.0.26403.3
MinimumVisualStudioVersion = 10.0.40219.1
Project("{FAE04EC0-301F-11D3-BF4B-00C04F79EFBC}") = "GetHealthy.Android", "GetHealthy\GetHealthy.Android\GetHealthy.Android.csproj", "{2945F367-7177-4359-9CAB-BE0CDD2A9FB1}"
EndProject
Project("{FAE04EC0-301F-11D3-BF4B-00C04F79EFBC}") = "GetHealthy", "GetHealthy\GetHealthy\GetHealthy.csproj", "{773D8FE0-FF05-43CE-B106-D1A784AFEAA9}"
EndProject
Project("{FAE04EC0-301F-11D3-BF4B-00C04F79EFBC}") = "GetHealthy.UWP", "GetHealthy\GetHealthy.UWP\GetHealthy.UWP.csproj", "{EB6694D4-9C8A-4162-B8D4-B9E809F8611F}"
EndProject
Project("{FAE04EC0-301F-11D3-BF4B-00C04F79EFBC}") = "GetHealthy.iOS", "GetHealthy\GetHealthy.iOS\GetHealthy.iOS.csproj", "{1D4FA3EF-9C07-4932-BFF7-D5C9CBCCB259}"
EndProject
Global
	GlobalSection(SolutionConfigurationPlatforms) = preSolution
		Ad-Hoc|Any CPU = Ad-Hoc|Any CPU
		Ad-Hoc|ARM = Ad-Hoc|ARM
		Ad-Hoc|iPhone = Ad-Hoc|iPhone
		Ad-Hoc|iPhoneSimulator = Ad-Hoc|iPhoneSimulator
		Ad-Hoc|x64 = Ad-Hoc|x64
		Ad-Hoc|x86 = Ad-Hoc|x86
		AppStore|Any CPU = AppStore|Any CPU
		AppStore|ARM = AppStore|ARM
		AppStore|iPhone = AppStore|iPhone
		AppStore|iPhoneSimulator = AppStore|iPhoneSimulator
		AppStore|x64 = AppStore|x64
		AppStore|x86 = AppStore|x86
		Debug|Any CPU = Debug|Any CPU
		Debug|ARM = Debug|ARM
		Debug|iPhone = Debug|iPhone
		Debug|iPhoneSimulator = Debug|iPhoneSimulator
		Debug|x64 = Debug|x64
		Debug|x86 = Debug|x86
		Release|Any CPU = Release|Any CPU
		Release|ARM = Release|ARM
		Release|iPhone = Release|iPhone
		Release|iPhoneSimulator = Release|iPhoneSimulator
		Release|x64 = Release|x64
		Release|x86 = Release|x86
	EndGlobalSection
	GlobalSection(ProjectConfigurationPlatforms) = postSolution
		{2945F367-7177-4359-9CAB-BE0CDD2A9FB1}.Ad-Hoc|Any CPU.ActiveCfg = Release|Any CPU
		{2945F367-7177-4359-9CAB-BE0CDD2A9FB1}.Ad-Hoc|Any CPU.Build.0 = Release|Any CPU
		{2945F367-7177-4359-9CAB-BE0CDD2A9FB1}.Ad-Hoc|Any CPU.Deploy.0 = Release|Any CPU
		{2945F367-7177-4359-9CAB-BE0CDD2A9FB1}.Ad-Hoc|ARM.ActiveCfg = Release|Any CPU
		{2945F367-7177-4359-9CAB-BE0CDD2A9FB1}.Ad-Hoc|ARM.Build.0 = Release|Any CPU
		{2945F367-7177-4359-9CAB-BE0CDD2A9FB1}.Ad-Hoc|ARM.Deploy.0 = Release|Any CPU
		{2945F367-7177-4359-9CAB-BE0CDD2A9FB1}.Ad-Hoc|iPhone.ActiveCfg = Release|Any CPU
		{2945F367-7177-4359-9CAB-BE0CDD2A9FB1}.Ad-Hoc|iPhone.Build.0 = Release|Any CPU
		{2945F367-7177-4359-9CAB-BE0CDD2A9FB1}.Ad-Hoc|iPhone.Deploy.0 = Release|Any CPU
		{2945F367-7177-4359-9CAB-BE0CDD2A9FB1}.Ad-Hoc|iPhoneSimulator.ActiveCfg = Release|Any CPU
		{2945F367-7177-4359-9CAB-BE0CDD2A9FB1}.Ad-Hoc|iPhoneSimulator.Build.0 = Release|Any CPU
		{2945F367-7177-4359-9CAB-BE0CDD2A9FB1}.Ad-Hoc|iPhoneSimulator.Deploy.0 = Release|Any CPU
		{2945F367-7177-4359-9CAB-BE0CDD2A9FB1}.Ad-Hoc|x64.ActiveCfg = Release|Any CPU
		{2945F367-7177-4359-9CAB-BE0CDD2A9FB1}.Ad-Hoc|x64.Build.0 = Release|Any CPU
		{2945F367-7177-4359-9CAB-BE0CDD2A9FB1}.Ad-Hoc|x64.Deploy.0 = Release|Any CPU
		{2945F367-7177-4359-9CAB-BE0CDD2A9FB1}.Ad-Hoc|x86.ActiveCfg = Release|Any CPU
		{2945F367-7177-4359-9CAB-BE0CDD2A9FB1}.Ad-Hoc|x86.Build.0 = Release|Any CPU
		{2945F367-7177-4359-9CAB-BE0CDD2A9FB1}.Ad-Hoc|x86.Deploy.0 = Release|Any CPU
		{2945F367-7177-4359-9CAB-BE0CDD2A9FB1}.AppStore|Any CPU.ActiveCfg = Release|Any CPU
		{2945F367-7177-4359-9CAB-BE0CDD2A9FB1}.AppStore|Any CPU.Build.0 = Release|Any CPU
		{2945F367-7177-4359-9CAB-BE0CDD2A9FB1}.AppStore|Any CPU.Deploy.0 = Release|Any CPU
		{2945F367-7177-4359-9CAB-BE0CDD2A9FB1}.AppStore|ARM.ActiveCfg = Release|Any CPU
		{2945F367-7177-4359-9CAB-BE0CDD2A9FB1}.AppStore|ARM.Build.0 = Release|Any CPU
		{2945F367-7177-4359-9CAB-BE0CDD2A9FB1}.AppStore|ARM.Deploy.0 = Release|Any CPU
		{2945F367-7177-4359-9CAB-BE0CDD2A9FB1}.AppStore|iPhone.ActiveCfg = Release|Any CPU
		{2945F367-7177-4359-9CAB-BE0CDD2A9FB1}.AppStore|iPhone.Build.0 = Release|Any CPU
		{2945F367-7177-4359-9CAB-BE0CDD2A9FB1}.AppStore|iPhone.Deploy.0 = Release|Any CPU
		{2945F367-7177-4359-9CAB-BE0CDD2A9FB1}.AppStore|iPhoneSimulator.ActiveCfg = Release|Any CPU
		{2945F367-7177-4359-9CAB-BE0CDD2A9FB1}.AppStore|iPhoneSimulator.Build.0 = Release|Any CPU
		{2945F367-7177-4359-9CAB-BE0CDD2A9FB1}.AppStore|iPhoneSimulator.Deploy.0 = Release|Any CPU
		{2945F367-7177-4359-9CAB-BE0CDD2A9FB1}.AppStore|x64.ActiveCfg = Release|Any CPU
		{2945F367-7177-4359-9CAB-BE0CDD2A9FB1}.AppStore|x64.Build.0 = Release|Any CPU
		{2945F367-7177-4359-9CAB-BE0CDD2A9FB1}.AppStore|x64.Deploy.0 = Release|Any CPU
		{2945F367-7177-4359-9CAB-BE0CDD2A9FB1}.AppStore|x86.ActiveCfg = Release|Any CPU
		{2945F367-7177-4359-9CAB-BE0CDD2A9FB1}.AppStore|x86.Build.0 = Release|Any CPU
		{2945F367-7177-4359-9CAB-BE0CDD2A9FB1}.AppStore|x86.Deploy.0 = Release|Any CPU
		{2945F367-7177-4359-9CAB-BE0CDD2A9FB1}.Debug|Any CPU.ActiveCfg = Debug|Any CPU
		{2945F367-7177-4359-9CAB-BE0CDD2A9FB1}.Debug|Any CPU.Build.0 = Debug|Any CPU
		{2945F367-7177-4359-9CAB-BE0CDD2A9FB1}.Debug|Any CPU.Deploy.0 = Debug|Any CPU
		{2945F367-7177-4359-9CAB-BE0CDD2A9FB1}.Debug|ARM.ActiveCfg = Debug|Any CPU
		{2945F367-7177-4359-9CAB-BE0CDD2A9FB1}.Debug|ARM.Build.0 = Debug|Any CPU
		{2945F367-7177-4359-9CAB-BE0CDD2A9FB1}.Debug|ARM.Deploy.0 = Debug|Any CPU
		{2945F367-7177-4359-9CAB-BE0CDD2A9FB1}.Debug|iPhone.ActiveCfg = Debug|Any CPU
		{2945F367-7177-4359-9CAB-BE0CDD2A9FB1}.Debug|iPhone.Build.0 = Debug|Any CPU
		{2945F367-7177-4359-9CAB-BE0CDD2A9FB1}.Debug|iPhone.Deploy.0 = Debug|Any CPU
		{2945F367-7177-4359-9CAB-BE0CDD2A9FB1}.Debug|iPhoneSimulator.ActiveCfg = Debug|Any CPU
		{2945F367-7177-4359-9CAB-BE0CDD2A9FB1}.Debug|iPhoneSimulator.Build.0 = Debug|Any CPU
		{2945F367-7177-4359-9CAB-BE0CDD2A9FB1}.Debug|iPhoneSimulator.Deploy.0 = Debug|Any CPU
		{2945F367-7177-4359-9CAB-BE0CDD2A9FB1}.Debug|x64.ActiveCfg = Debug|Any CPU
		{2945F367-7177-4359-9CAB-BE0CDD2A9FB1}.Debug|x64.Build.0 = Debug|Any CPU
		{2945F367-7177-4359-9CAB-BE0CDD2A9FB1}.Debug|x64.Deploy.0 = Debug|Any CPU
		{2945F367-7177-4359-9CAB-BE0CDD2A9FB1}.Debug|x86.ActiveCfg = Debug|Any CPU
		{2945F367-7177-4359-9CAB-BE0CDD2A9FB1}.Debug|x86.Build.0 = Debug|Any CPU
		{2945F367-7177-4359-9CAB-BE0CDD2A9FB1}.Debug|x86.Deploy.0 = Debug|Any CPU
		{2945F367-7177-4359-9CAB-BE0CDD2A9FB1}.Release|Any CPU.ActiveCfg = Release|Any CPU
		{2945F367-7177-4359-9CAB-BE0CDD2A9FB1}.Release|Any CPU.Build.0 = Release|Any CPU
		{2945F367-7177-4359-9CAB-BE0CDD2A9FB1}.Release|Any CPU.Deploy.0 = Release|Any CPU
		{2945F367-7177-4359-9CAB-BE0CDD2A9FB1}.Release|ARM.ActiveCfg = Release|Any CPU
		{2945F367-7177-4359-9CAB-BE0CDD2A9FB1}.Release|ARM.Build.0 = Release|Any CPU
		{2945F367-7177-4359-9CAB-BE0CDD2A9FB1}.Release|ARM.Deploy.0 = Release|Any CPU
		{2945F367-7177-4359-9CAB-BE0CDD2A9FB1}.Release|iPhone.ActiveCfg = Release|Any CPU
		{2945F367-7177-4359-9CAB-BE0CDD2A9FB1}.Release|iPhone.Build.0 = Release|Any CPU
		{2945F367-7177-4359-9CAB-BE0CDD2A9FB1}.Release|iPhone.Deploy.0 = Release|Any CPU
		{2945F367-7177-4359-9CAB-BE0CDD2A9FB1}.Release|iPhoneSimulator.ActiveCfg = Release|Any CPU
		{2945F367-7177-4359-9CAB-BE0CDD2A9FB1}.Release|iPhoneSimulator.Build.0 = Release|Any CPU
		{2945F367-7177-4359-9CAB-BE0CDD2A9FB1}.Release|iPhoneSimulator.Deploy.0 = Release|Any CPU
		{2945F367-7177-4359-9CAB-BE0CDD2A9FB1}.Release|x64.ActiveCfg = Release|Any CPU
		{2945F367-7177-4359-9CAB-BE0CDD2A9FB1}.Release|x64.Build.0 = Release|Any CPU
		{2945F367-7177-4359-9CAB-BE0CDD2A9FB1}.Release|x64.Deploy.0 = Release|Any CPU
		{2945F367-7177-4359-9CAB-BE0CDD2A9FB1}.Release|x86.ActiveCfg = Release|Any CPU
		{2945F367-7177-4359-9CAB-BE0CDD2A9FB1}.Release|x86.Build.0 = Release|Any CPU
		{2945F367-7177-4359-9CAB-BE0CDD2A9FB1}.Release|x86.Deploy.0 = Release|Any CPU
		{773D8FE0-FF05-43CE-B106-D1A784AFEAA9}.Ad-Hoc|Any CPU.ActiveCfg = Release|Any CPU
		{773D8FE0-FF05-43CE-B106-D1A784AFEAA9}.Ad-Hoc|Any CPU.Build.0 = Release|Any CPU
		{773D8FE0-FF05-43CE-B106-D1A784AFEAA9}.Ad-Hoc|ARM.ActiveCfg = Release|Any CPU
		{773D8FE0-FF05-43CE-B106-D1A784AFEAA9}.Ad-Hoc|ARM.Build.0 = Release|Any CPU
		{773D8FE0-FF05-43CE-B106-D1A784AFEAA9}.Ad-Hoc|iPhone.ActiveCfg = Release|Any CPU
		{773D8FE0-FF05-43CE-B106-D1A784AFEAA9}.Ad-Hoc|iPhone.Build.0 = Release|Any CPU
		{773D8FE0-FF05-43CE-B106-D1A784AFEAA9}.Ad-Hoc|iPhoneSimulator.ActiveCfg = Release|Any CPU
		{773D8FE0-FF05-43CE-B106-D1A784AFEAA9}.Ad-Hoc|iPhoneSimulator.Build.0 = Release|Any CPU
		{773D8FE0-FF05-43CE-B106-D1A784AFEAA9}.Ad-Hoc|x64.ActiveCfg = Release|Any CPU
		{773D8FE0-FF05-43CE-B106-D1A784AFEAA9}.Ad-Hoc|x64.Build.0 = Release|Any CPU
		{773D8FE0-FF05-43CE-B106-D1A784AFEAA9}.Ad-Hoc|x86.ActiveCfg = Release|Any CPU
		{773D8FE0-FF05-43CE-B106-D1A784AFEAA9}.Ad-Hoc|x86.Build.0 = Release|Any CPU
		{773D8FE0-FF05-43CE-B106-D1A784AFEAA9}.AppStore|Any CPU.ActiveCfg = Release|Any CPU
		{773D8FE0-FF05-43CE-B106-D1A784AFEAA9}.AppStore|Any CPU.Build.0 = Release|Any CPU
		{773D8FE0-FF05-43CE-B106-D1A784AFEAA9}.AppStore|ARM.ActiveCfg = Release|Any CPU
		{773D8FE0-FF05-43CE-B106-D1A784AFEAA9}.AppStore|ARM.Build.0 = Release|Any CPU
		{773D8FE0-FF05-43CE-B106-D1A784AFEAA9}.AppStore|iPhone.ActiveCfg = Release|Any CPU
		{773D8FE0-FF05-43CE-B106-D1A784AFEAA9}.AppStore|iPhone.Build.0 = Release|Any CPU
		{773D8FE0-FF05-43CE-B106-D1A784AFEAA9}.AppStore|iPhoneSimulator.ActiveCfg = Release|Any CPU
		{773D8FE0-FF05-43CE-B106-D1A784AFEAA9}.AppStore|iPhoneSimulator.Build.0 = Release|Any CPU
		{773D8FE0-FF05-43CE-B106-D1A784AFEAA9}.AppStore|x64.ActiveCfg = Release|Any CPU
		{773D8FE0-FF05-43CE-B106-D1A784AFEAA9}.AppStore|x64.Build.0 = Release|Any CPU
		{773D8FE0-FF05-43CE-B106-D1A784AFEAA9}.AppStore|x86.ActiveCfg = Release|Any CPU
		{773D8FE0-FF05-43CE-B106-D1A784AFEAA9}.AppStore|x86.Build.0 = Release|Any CPU
		{773D8FE0-FF05-43CE-B106-D1A784AFEAA9}.Debug|Any CPU.ActiveCfg = Debug|Any CPU
		{773D8FE0-FF05-43CE-B106-D1A784AFEAA9}.Debug|Any CPU.Build.0 = Debug|Any CPU
		{773D8FE0-FF05-43CE-B106-D1A784AFEAA9}.Debug|ARM.ActiveCfg = Debug|Any CPU
		{773D8FE0-FF05-43CE-B106-D1A784AFEAA9}.Debug|ARM.Build.0 = Debug|Any CPU
		{773D8FE0-FF05-43CE-B106-D1A784AFEAA9}.Debug|iPhone.ActiveCfg = Debug|Any CPU
		{773D8FE0-FF05-43CE-B106-D1A784AFEAA9}.Debug|iPhone.Build.0 = Debug|Any CPU
		{773D8FE0-FF05-43CE-B106-D1A784AFEAA9}.Debug|iPhoneSimulator.ActiveCfg = Debug|Any CPU
		{773D8FE0-FF05-43CE-B106-D1A784AFEAA9}.Debug|iPhoneSimulator.Build.0 = Debug|Any CPU
		{773D8FE0-FF05-43CE-B106-D1A784AFEAA9}.Debug|x64.ActiveCfg = Debug|Any CPU
		{773D8FE0-FF05-43CE-B106-D1A784AFEAA9}.Debug|x64.Build.0 = Debug|Any CPU
		{773D8FE0-FF05-43CE-B106-D1A784AFEAA9}.Debug|x86.ActiveCfg = Debug|Any CPU
		{773D8FE0-FF05-43CE-B106-D1A784AFEAA9}.Debug|x86.Build.0 = Debug|Any CPU
		{773D8FE0-FF05-43CE-B106-D1A784AFEAA9}.Release|Any CPU.ActiveCfg = Release|Any CPU
		{773D8FE0-FF05-43CE-B106-D1A784AFEAA9}.Release|Any CPU.Build.0 = Release|Any CPU
		{773D8FE0-FF05-43CE-B106-D1A784AFEAA9}.Release|ARM.ActiveCfg = Release|Any CPU
		{773D8FE0-FF05-43CE-B106-D1A784AFEAA9}.Release|ARM.Build.0 = Release|Any CPU
		{773D8FE0-FF05-43CE-B106-D1A784AFEAA9}.Release|iPhone.ActiveCfg = Release|Any CPU
		{773D8FE0-FF05-43CE-B106-D1A784AFEAA9}.Release|iPhone.Build.0 = Release|Any CPU
		{773D8FE0-FF05-43CE-B106-D1A784AFEAA9}.Release|iPhoneSimulator.ActiveCfg = Release|Any CPU
		{773D8FE0-FF05-43CE-B106-D1A784AFEAA9}.Release|iPhoneSimulator.Build.0 = Release|Any CPU
		{773D8FE0-FF05-43CE-B106-D1A784AFEAA9}.Release|x64.ActiveCfg = Release|Any CPU
		{773D8FE0-FF05-43CE-B106-D1A784AFEAA9}.Release|x64.Build.0 = Release|Any CPU
		{773D8FE0-FF05-43CE-B106-D1A784AFEAA9}.Release|x86.ActiveCfg = Release|Any CPU
		{773D8FE0-FF05-43CE-B106-D1A784AFEAA9}.Release|x86.Build.0 = Release|Any CPU
		{EB6694D4-9C8A-4162-B8D4-B9E809F8611F}.Ad-Hoc|Any CPU.ActiveCfg = Release|x86
		{EB6694D4-9C8A-4162-B8D4-B9E809F8611F}.Ad-Hoc|Any CPU.Build.0 = Release|x86
		{EB6694D4-9C8A-4162-B8D4-B9E809F8611F}.Ad-Hoc|Any CPU.Deploy.0 = Release|x86
		{EB6694D4-9C8A-4162-B8D4-B9E809F8611F}.Ad-Hoc|ARM.ActiveCfg = Release|ARM
		{EB6694D4-9C8A-4162-B8D4-B9E809F8611F}.Ad-Hoc|ARM.Build.0 = Release|ARM
		{EB6694D4-9C8A-4162-B8D4-B9E809F8611F}.Ad-Hoc|ARM.Deploy.0 = Release|ARM
		{EB6694D4-9C8A-4162-B8D4-B9E809F8611F}.Ad-Hoc|iPhone.ActiveCfg = Release|x86
		{EB6694D4-9C8A-4162-B8D4-B9E809F8611F}.Ad-Hoc|iPhone.Build.0 = Release|x86
		{EB6694D4-9C8A-4162-B8D4-B9E809F8611F}.Ad-Hoc|iPhone.Deploy.0 = Release|x86
		{EB6694D4-9C8A-4162-B8D4-B9E809F8611F}.Ad-Hoc|iPhoneSimulator.ActiveCfg = Release|x86
		{EB6694D4-9C8A-4162-B8D4-B9E809F8611F}.Ad-Hoc|iPhoneSimulator.Build.0 = Release|x86
		{EB6694D4-9C8A-4162-B8D4-B9E809F8611F}.Ad-Hoc|iPhoneSimulator.Deploy.0 = Release|x86
		{EB6694D4-9C8A-4162-B8D4-B9E809F8611F}.Ad-Hoc|x64.ActiveCfg = Release|x64
		{EB6694D4-9C8A-4162-B8D4-B9E809F8611F}.Ad-Hoc|x64.Build.0 = Release|x64
		{EB6694D4-9C8A-4162-B8D4-B9E809F8611F}.Ad-Hoc|x64.Deploy.0 = Release|x64
		{EB6694D4-9C8A-4162-B8D4-B9E809F8611F}.Ad-Hoc|x86.ActiveCfg = Release|x86
		{EB6694D4-9C8A-4162-B8D4-B9E809F8611F}.Ad-Hoc|x86.Build.0 = Release|x86
		{EB6694D4-9C8A-4162-B8D4-B9E809F8611F}.Ad-Hoc|x86.Deploy.0 = Release|x86
		{EB6694D4-9C8A-4162-B8D4-B9E809F8611F}.AppStore|Any CPU.ActiveCfg = Release|x86
		{EB6694D4-9C8A-4162-B8D4-B9E809F8611F}.AppStore|Any CPU.Build.0 = Release|x86
		{EB6694D4-9C8A-4162-B8D4-B9E809F8611F}.AppStore|Any CPU.Deploy.0 = Release|x86
		{EB6694D4-9C8A-4162-B8D4-B9E809F8611F}.AppStore|ARM.ActiveCfg = Release|ARM
		{EB6694D4-9C8A-4162-B8D4-B9E809F8611F}.AppStore|ARM.Build.0 = Release|ARM
		{EB6694D4-9C8A-4162-B8D4-B9E809F8611F}.AppStore|ARM.Deploy.0 = Release|ARM
		{EB6694D4-9C8A-4162-B8D4-B9E809F8611F}.AppStore|iPhone.ActiveCfg = Release|x86
		{EB6694D4-9C8A-4162-B8D4-B9E809F8611F}.AppStore|iPhone.Build.0 = Release|x86
		{EB6694D4-9C8A-4162-B8D4-B9E809F8611F}.AppStore|iPhone.Deploy.0 = Release|x86
		{EB6694D4-9C8A-4162-B8D4-B9E809F8611F}.AppStore|iPhoneSimulator.ActiveCfg = Release|x86
		{EB6694D4-9C8A-4162-B8D4-B9E809F8611F}.AppStore|iPhoneSimulator.Build.0 = Release|x86
		{EB6694D4-9C8A-4162-B8D4-B9E809F8611F}.AppStore|iPhoneSimulator.Deploy.0 = Release|x86
		{EB6694D4-9C8A-4162-B8D4-B9E809F8611F}.AppStore|x64.ActiveCfg = Release|x64
		{EB6694D4-9C8A-4162-B8D4-B9E809F8611F}.AppStore|x64.Build.0 = Release|x64
		{EB6694D4-9C8A-4162-B8D4-B9E809F8611F}.AppStore|x64.Deploy.0 = Release|x64
		{EB6694D4-9C8A-4162-B8D4-B9E809F8611F}.AppStore|x86.ActiveCfg = Release|x86
		{EB6694D4-9C8A-4162-B8D4-B9E809F8611F}.AppStore|x86.Build.0 = Release|x86
		{EB6694D4-9C8A-4162-B8D4-B9E809F8611F}.AppStore|x86.Deploy.0 = Release|x86
		{EB6694D4-9C8A-4162-B8D4-B9E809F8611F}.Debug|Any CPU.ActiveCfg = Debug|x86
		{EB6694D4-9C8A-4162-B8D4-B9E809F8611F}.Debug|ARM.ActiveCfg = Debug|ARM
		{EB6694D4-9C8A-4162-B8D4-B9E809F8611F}.Debug|ARM.Build.0 = Debug|ARM
		{EB6694D4-9C8A-4162-B8D4-B9E809F8611F}.Debug|ARM.Deploy.0 = Debug|ARM
		{EB6694D4-9C8A-4162-B8D4-B9E809F8611F}.Debug|iPhone.ActiveCfg = Debug|x86
		{EB6694D4-9C8A-4162-B8D4-B9E809F8611F}.Debug|iPhoneSimulator.ActiveCfg = Debug|x86
		{EB6694D4-9C8A-4162-B8D4-B9E809F8611F}.Debug|x64.ActiveCfg = Debug|x64
		{EB6694D4-9C8A-4162-B8D4-B9E809F8611F}.Debug|x64.Build.0 = Debug|x64
		{EB6694D4-9C8A-4162-B8D4-B9E809F8611F}.Debug|x64.Deploy.0 = Debug|x64
		{EB6694D4-9C8A-4162-B8D4-B9E809F8611F}.Debug|x86.ActiveCfg = Debug|x86
		{EB6694D4-9C8A-4162-B8D4-B9E809F8611F}.Debug|x86.Build.0 = Debug|x86
		{EB6694D4-9C8A-4162-B8D4-B9E809F8611F}.Debug|x86.Deploy.0 = Debug|x86
		{EB6694D4-9C8A-4162-B8D4-B9E809F8611F}.Release|Any CPU.ActiveCfg = Release|x86
		{EB6694D4-9C8A-4162-B8D4-B9E809F8611F}.Release|ARM.ActiveCfg = Release|ARM
		{EB6694D4-9C8A-4162-B8D4-B9E809F8611F}.Release|ARM.Build.0 = Release|ARM
		{EB6694D4-9C8A-4162-B8D4-B9E809F8611F}.Release|ARM.Deploy.0 = Release|ARM
		{EB6694D4-9C8A-4162-B8D4-B9E809F8611F}.Release|iPhone.ActiveCfg = Release|x86
		{EB6694D4-9C8A-4162-B8D4-B9E809F8611F}.Release|iPhoneSimulator.ActiveCfg = Release|x86
		{EB6694D4-9C8A-4162-B8D4-B9E809F8611F}.Release|x64.ActiveCfg = Release|x64
		{EB6694D4-9C8A-4162-B8D4-B9E809F8611F}.Release|x64.Build.0 = Release|x64
		{EB6694D4-9C8A-4162-B8D4-B9E809F8611F}.Release|x64.Deploy.0 = Release|x64
		{EB6694D4-9C8A-4162-B8D4-B9E809F8611F}.Release|x86.ActiveCfg = Release|x86
		{EB6694D4-9C8A-4162-B8D4-B9E809F8611F}.Release|x86.Build.0 = Release|x86
		{EB6694D4-9C8A-4162-B8D4-B9E809F8611F}.Release|x86.Deploy.0 = Release|x86
		{1D4FA3EF-9C07-4932-BFF7-D5C9CBCCB259}.Ad-Hoc|Any CPU.ActiveCfg = Ad-Hoc|iPhone
		{1D4FA3EF-9C07-4932-BFF7-D5C9CBCCB259}.Ad-Hoc|ARM.ActiveCfg = Ad-Hoc|iPhone
		{1D4FA3EF-9C07-4932-BFF7-D5C9CBCCB259}.Ad-Hoc|iPhone.ActiveCfg = Ad-Hoc|iPhone
		{1D4FA3EF-9C07-4932-BFF7-D5C9CBCCB259}.Ad-Hoc|iPhone.Build.0 = Ad-Hoc|iPhone
		{1D4FA3EF-9C07-4932-BFF7-D5C9CBCCB259}.Ad-Hoc|iPhoneSimulator.ActiveCfg = Ad-Hoc|iPhoneSimulator
		{1D4FA3EF-9C07-4932-BFF7-D5C9CBCCB259}.Ad-Hoc|iPhoneSimulator.Build.0 = Ad-Hoc|iPhoneSimulator
		{1D4FA3EF-9C07-4932-BFF7-D5C9CBCCB259}.Ad-Hoc|x64.ActiveCfg = Ad-Hoc|iPhone
		{1D4FA3EF-9C07-4932-BFF7-D5C9CBCCB259}.Ad-Hoc|x86.ActiveCfg = Ad-Hoc|iPhone
		{1D4FA3EF-9C07-4932-BFF7-D5C9CBCCB259}.AppStore|Any CPU.ActiveCfg = AppStore|iPhone
		{1D4FA3EF-9C07-4932-BFF7-D5C9CBCCB259}.AppStore|ARM.ActiveCfg = AppStore|iPhone
		{1D4FA3EF-9C07-4932-BFF7-D5C9CBCCB259}.AppStore|iPhone.ActiveCfg = AppStore|iPhone
		{1D4FA3EF-9C07-4932-BFF7-D5C9CBCCB259}.AppStore|iPhone.Build.0 = AppStore|iPhone
		{1D4FA3EF-9C07-4932-BFF7-D5C9CBCCB259}.AppStore|iPhoneSimulator.ActiveCfg = AppStore|iPhoneSimulator
		{1D4FA3EF-9C07-4932-BFF7-D5C9CBCCB259}.AppStore|iPhoneSimulator.Build.0 = AppStore|iPhoneSimulator
		{1D4FA3EF-9C07-4932-BFF7-D5C9CBCCB259}.AppStore|x64.ActiveCfg = AppStore|iPhone
		{1D4FA3EF-9C07-4932-BFF7-D5C9CBCCB259}.AppStore|x86.ActiveCfg = AppStore|iPhone
		{1D4FA3EF-9C07-4932-BFF7-D5C9CBCCB259}.Debug|Any CPU.ActiveCfg = Debug|iPhone
		{1D4FA3EF-9C07-4932-BFF7-D5C9CBCCB259}.Debug|ARM.ActiveCfg = Debug|iPhone
		{1D4FA3EF-9C07-4932-BFF7-D5C9CBCCB259}.Debug|iPhone.ActiveCfg = Debug|iPhone
		{1D4FA3EF-9C07-4932-BFF7-D5C9CBCCB259}.Debug|iPhone.Build.0 = Debug|iPhone
		{1D4FA3EF-9C07-4932-BFF7-D5C9CBCCB259}.Debug|iPhoneSimulator.ActiveCfg = Debug|iPhoneSimulator
		{1D4FA3EF-9C07-4932-BFF7-D5C9CBCCB259}.Debug|iPhoneSimulator.Build.0 = Debug|iPhoneSimulator
		{1D4FA3EF-9C07-4932-BFF7-D5C9CBCCB259}.Debug|x64.ActiveCfg = Debug|iPhone
		{1D4FA3EF-9C07-4932-BFF7-D5C9CBCCB259}.Debug|x86.ActiveCfg = Debug|iPhone
		{1D4FA3EF-9C07-4932-BFF7-D5C9CBCCB259}.Release|Any CPU.ActiveCfg = Release|iPhone
		{1D4FA3EF-9C07-4932-BFF7-D5C9CBCCB259}.Release|ARM.ActiveCfg = Release|iPhone
		{1D4FA3EF-9C07-4932-BFF7-D5C9CBCCB259}.Release|iPhone.ActiveCfg = Release|iPhone
		{1D4FA3EF-9C07-4932-BFF7-D5C9CBCCB259}.Release|iPhone.Build.0 = Release|iPhone
		{1D4FA3EF-9C07-4932-BFF7-D5C9CBCCB259}.Release|iPhoneSimulator.ActiveCfg = Release|iPhoneSimulator
		{1D4FA3EF-9C07-4932-BFF7-D5C9CBCCB259}.Release|iPhoneSimulator.Build.0 = Release|iPhoneSimulator
		{1D4FA3EF-9C07-4932-BFF7-D5C9CBCCB259}.Release|x64.ActiveCfg = Release|iPhone
		{1D4FA3EF-9C07-4932-BFF7-D5C9CBCCB259}.Release|x86.ActiveCfg = Release|iPhone
	EndGlobalSection
	GlobalSection(SolutionProperties) = preSolution
		HideSolutionNode = FALSE
	EndGlobalSection
EndGlobal
